{
  "object": {
    "pins": [
      {
        "package": "TestableAssertSupport",
        "repositoryURL": "https://github.com/vinceplusplus/TestableAssertSupport",
        "state": {
          "branch": null,
          "revision": "89ee981347f3c75511011a1657b2043e6ac0eb62",
          "version": "1.0.1"
        }
      }
    ]
  },
  "version": 1
}
